
Microsoft Visual Studio Solution File, Format Version 12.00
# Visual Studio Version 17
VisualStudioVersion = 17.11.35222.181
MinimumVisualStudioVersion = 10.0.40219.1
Project("{00D1A9C2-B5F0-4AF3-8072-F6C62B433612}") = "unithub_sql", "unithub_sql\unithub_sql.sqlproj", "{D854548E-0052-4B74-A963-AA53992931D0}"
EndProject
Global
	GlobalSection(SolutionConfigurationPlatforms) = preSolution
		Debug|Any CPU = Debug|Any CPU
		Release|Any CPU = Release|Any CPU
	EndGlobalSection
	GlobalSection(ProjectConfigurationPlatforms) = postSolution
		{D854548E-0052-4B74-A963-AA53992931D0}.Debug|Any CPU.ActiveCfg = Debug|Any CPU
		{D854548E-0052-4B74-A963-AA53992931D0}.Debug|Any CPU.Build.0 = Debug|Any CPU
		{D854548E-0052-4B74-A963-AA53992931D0}.Debug|Any CPU.Deploy.0 = Debug|Any CPU
		{D854548E-0052-4B74-A963-AA53992931D0}.Release|Any CPU.ActiveCfg = Release|Any CPU
		{D854548E-0052-4B74-A963-AA53992931D0}.Release|Any CPU.Build.0 = Release|Any CPU
		{D854548E-0052-4B74-A963-AA53992931D0}.Release|Any CPU.Deploy.0 = Release|Any CPU
	EndGlobalSection
	GlobalSection(SolutionProperties) = preSolution
		HideSolutionNode = FALSE
	EndGlobalSection
	GlobalSection(ExtensibilityGlobals) = postSolution
		SolutionGuid = {EC57E696-DF86-489D-B679-837B25DF12FE}
	EndGlobalSection
EndGlobal
